// !$*UTF8*$!
{
	archiveVersion = 1;
	classes = {
	};
	objectVersion = 55;
	objects = {

/* Begin PBXBuildFile section */
		EE429E6827E47DD6001398D9 /* PaletteEditor.swift in Sources */ = {isa = PBXBuildFile; fileRef = EE429E6727E47DD6001398D9 /* PaletteEditor.swift */; };
		EE429E6927E47DD6001398D9 /* PaletteEditor.swift in Sources */ = {isa = PBXBuildFile; fileRef = EE429E6727E47DD6001398D9 /* PaletteEditor.swift */; };
		EE429E6B27E8213C001398D9 /* PaletteManager.swift in Sources */ = {isa = PBXBuildFile; fileRef = EE429E6A27E8213B001398D9 /* PaletteManager.swift */; };
		EE429E6C27E8213C001398D9 /* PaletteManager.swift in Sources */ = {isa = PBXBuildFile; fileRef = EE429E6A27E8213B001398D9 /* PaletteManager.swift */; };
		EE704EBF27E18CAC0027BB2C /* PaletteStore.swift in Sources */ = {isa = PBXBuildFile; fileRef = EE704EBE27E18CAC0027BB2C /* PaletteStore.swift */; };
		EE704EC027E18CAC0027BB2C /* PaletteStore.swift in Sources */ = {isa = PBXBuildFile; fileRef = EE704EBE27E18CAC0027BB2C /* PaletteStore.swift */; };
		EE704EC227E323990027BB2C /* PaletteChooser.swift in Sources */ = {isa = PBXBuildFile; fileRef = EE704EC127E323990027BB2C /* PaletteChooser.swift */; };
		EE704EC327E323990027BB2C /* PaletteChooser.swift in Sources */ = {isa = PBXBuildFile; fileRef = EE704EC127E323990027BB2C /* PaletteChooser.swift */; };
		EEB25F6327CCF8D2004A7639 /* EmojiArtApp.swift in Sources */ = {isa = PBXBuildFile; fileRef = EEB25F5327CCF8CF004A7639 /* EmojiArtApp.swift */; };
		EEB25F6427CCF8D2004A7639 /* EmojiArtApp.swift in Sources */ = {isa = PBXBuildFile; fileRef = EEB25F5327CCF8CF004A7639 /* EmojiArtApp.swift */; };
		EEB25F6527CCF8D2004A7639 /* EmojiArtDocumentView.swift in Sources */ = {isa = PBXBuildFile; fileRef = EEB25F5427CCF8CF004A7639 /* EmojiArtDocumentView.swift */; };
		EEB25F6627CCF8D2004A7639 /* EmojiArtDocumentView.swift in Sources */ = {isa = PBXBuildFile; fileRef = EEB25F5427CCF8CF004A7639 /* EmojiArtDocumentView.swift */; };
		EEB25F6727CCF8D2004A7639 /* Assets.xcassets in Resources */ = {isa = PBXBuildFile; fileRef = EEB25F5527CCF8D2004A7639 /* Assets.xcassets */; };
		EEB25F6827CCF8D2004A7639 /* Assets.xcassets in Resources */ = {isa = PBXBuildFile; fileRef = EEB25F5527CCF8D2004A7639 /* Assets.xcassets */; };
		EEB25F7227CCF972004A7639 /* EmojiArtModel.swift in Sources */ = {isa = PBXBuildFile; fileRef = EEB25F7127CCF972004A7639 /* EmojiArtModel.swift */; };
		EEB25F7327CCF972004A7639 /* EmojiArtModel.swift in Sources */ = {isa = PBXBuildFile; fileRef = EEB25F7127CCF972004A7639 /* EmojiArtModel.swift */; };
		EEB25F7527CDC810004A7639 /* EmojiArtModel.Background.swift in Sources */ = {isa = PBXBuildFile; fileRef = EEB25F7427CDC810004A7639 /* EmojiArtModel.Background.swift */; };
		EEB25F7627CDC810004A7639 /* EmojiArtModel.Background.swift in Sources */ = {isa = PBXBuildFile; fileRef = EEB25F7427CDC810004A7639 /* EmojiArtModel.Background.swift */; };
		EEB25F7827CDCCC6004A7639 /* EmojiArtDocument.swift in Sources */ = {isa = PBXBuildFile; fileRef = EEB25F7727CDCCC6004A7639 /* EmojiArtDocument.swift */; };
		EEB25F7927CDCCC6004A7639 /* EmojiArtDocument.swift in Sources */ = {isa = PBXBuildFile; fileRef = EEB25F7727CDCCC6004A7639 /* EmojiArtDocument.swift */; };
		EEB25F7D27CE1522004A7639 /* UtilityExtensions.swift in Sources */ = {isa = PBXBuildFile; fileRef = EEB25F7C27CE1522004A7639 /* UtilityExtensions.swift */; };
		EEB25F7E27CE1523004A7639 /* UtilityExtensions.swift in Sources */ = {isa = PBXBuildFile; fileRef = EEB25F7C27CE1522004A7639 /* UtilityExtensions.swift */; };
		EEB25F8027CE1534004A7639 /* UtilityViews.swift in Sources */ = {isa = PBXBuildFile; fileRef = EEB25F7F27CE1534004A7639 /* UtilityViews.swift */; };
		EEB25F8127CE1534004A7639 /* UtilityViews.swift in Sources */ = {isa = PBXBuildFile; fileRef = EEB25F7F27CE1534004A7639 /* UtilityViews.swift */; };
/* End PBXBuildFile section */

/* Begin PBXFileReference section */
		EE429E6727E47DD6001398D9 /* PaletteEditor.swift */ = {isa = PBXFileReference; lastKnownFileType = sourcecode.swift; path = PaletteEditor.swift; sourceTree = "<group>"; };
		EE429E6A27E8213B001398D9 /* PaletteManager.swift */ = {isa = PBXFileReference; lastKnownFileType = sourcecode.swift; name = PaletteManager.swift; path = Shared/PaletteManager.swift; sourceTree = "<group>"; };
		EE704EBE27E18CAC0027BB2C /* PaletteStore.swift */ = {isa = PBXFileReference; lastKnownFileType = sourcecode.swift; path = PaletteStore.swift; sourceTree = "<group>"; };
		EE704EC127E323990027BB2C /* PaletteChooser.swift */ = {isa = PBXFileReference; lastKnownFileType = sourcecode.swift; path = PaletteChooser.swift; sourceTree = "<group>"; };
		EEB25F5327CCF8CF004A7639 /* EmojiArtApp.swift */ = {isa = PBXFileReference; lastKnownFileType = sourcecode.swift; path = EmojiArtApp.swift; sourceTree = "<group>"; };
		EEB25F5427CCF8CF004A7639 /* EmojiArtDocumentView.swift */ = {isa = PBXFileReference; lastKnownFileType = sourcecode.swift; path = EmojiArtDocumentView.swift; sourceTree = "<group>"; };
		EEB25F5527CCF8D2004A7639 /* Assets.xcassets */ = {isa = PBXFileReference; lastKnownFileType = folder.assetcatalog; path = Assets.xcassets; sourceTree = "<group>"; };
		EEB25F5A27CCF8D2004A7639 /* EmojiArt.app */ = {isa = PBXFileReference; explicitFileType = wrapper.application; includeInIndex = 0; path = EmojiArt.app; sourceTree = BUILT_PRODUCTS_DIR; };
		EEB25F6027CCF8D2004A7639 /* EmojiArt.app */ = {isa = PBXFileReference; explicitFileType = wrapper.application; includeInIndex = 0; path = EmojiArt.app; sourceTree = BUILT_PRODUCTS_DIR; };
		EEB25F6227CCF8D2004A7639 /* macOS.entitlements */ = {isa = PBXFileReference; lastKnownFileType = text.plist.entitlements; path = macOS.entitlements; sourceTree = "<group>"; };
		EEB25F7127CCF972004A7639 /* EmojiArtModel.swift */ = {isa = PBXFileReference; lastKnownFileType = sourcecode.swift; path = EmojiArtModel.swift; sourceTree = "<group>"; };
		EEB25F7427CDC810004A7639 /* EmojiArtModel.Background.swift */ = {isa = PBXFileReference; lastKnownFileType = sourcecode.swift; path = EmojiArtModel.Background.swift; sourceTree = "<group>"; };
		EEB25F7727CDCCC6004A7639 /* EmojiArtDocument.swift */ = {isa = PBXFileReference; lastKnownFileType = sourcecode.swift; path = EmojiArtDocument.swift; sourceTree = "<group>"; };
		EEB25F7C27CE1522004A7639 /* UtilityExtensions.swift */ = {isa = PBXFileReference; lastKnownFileType = sourcecode.swift; path = UtilityExtensions.swift; sourceTree = "<group>"; };
		EEB25F7F27CE1534004A7639 /* UtilityViews.swift */ = {isa = PBXFileReference; lastKnownFileType = sourcecode.swift; path = UtilityViews.swift; sourceTree = "<group>"; };
/* End PBXFileReference section */

/* Begin PBXFrameworksBuildPhase section */
		EEB25F5727CCF8D2004A7639 /* Frameworks */ = {
			isa = PBXFrameworksBuildPhase;
			buildActionMask = 2147483647;
			files = (
			);
			runOnlyForDeploymentPostprocessing = 0;
		};
		EEB25F5D27CCF8D2004A7639 /* Frameworks */ = {
			isa = PBXFrameworksBuildPhase;
			buildActionMask = 2147483647;
			files = (
			);
			runOnlyForDeploymentPostprocessing = 0;
		};
/* End PBXFrameworksBuildPhase section */

/* Begin PBXGroup section */
		EEB25F4D27CCF8CF004A7639 = {
			isa = PBXGroup;
			children = (
				EE429E6A27E8213B001398D9 /* PaletteManager.swift */,
				EEB25F7B27CE14F3004A7639 /* Utility */,
				EEB25F5227CCF8CF004A7639 /* Shared */,
				EEB25F6127CCF8D2004A7639 /* macOS */,
				EEB25F5B27CCF8D2004A7639 /* Products */,
			);
			sourceTree = "<group>";
		};
		EEB25F5227CCF8CF004A7639 /* Shared */ = {
			isa = PBXGroup;
			children = (
				EE704EC127E323990027BB2C /* PaletteChooser.swift */,
				EE429E6727E47DD6001398D9 /* PaletteEditor.swift */,
				EEB25F5327CCF8CF004A7639 /* EmojiArtApp.swift */,
				EEB25F5427CCF8CF004A7639 /* EmojiArtDocumentView.swift */,
				EEB25F7127CCF972004A7639 /* EmojiArtModel.swift */,
				EEB25F7427CDC810004A7639 /* EmojiArtModel.Background.swift */,
				EEB25F7727CDCCC6004A7639 /* EmojiArtDocument.swift */,
				EE704EBE27E18CAC0027BB2C /* PaletteStore.swift */,
				EEB25F5527CCF8D2004A7639 /* Assets.xcassets */,
			);
			path = Shared;
			sourceTree = "<group>";
		};
		EEB25F5B27CCF8D2004A7639 /* Products */ = {
			isa = PBXGroup;
			children = (
				EEB25F5A27CCF8D2004A7639 /* EmojiArt.app */,
				EEB25F6027CCF8D2004A7639 /* EmojiArt.app */,
			);
			name = Products;
			sourceTree = "<group>";
		};
		EEB25F6127CCF8D2004A7639 /* macOS */ = {
			isa = PBXGroup;
			children = (
				EEB25F6227CCF8D2004A7639 /* macOS.entitlements */,
			);
			path = macOS;
			sourceTree = "<group>";
		};
		EEB25F7B27CE14F3004A7639 /* Utility */ = {
			isa = PBXGroup;
			children = (
				EEB25F7C27CE1522004A7639 /* UtilityExtensions.swift */,
				EEB25F7F27CE1534004A7639 /* UtilityViews.swift */,
			);
			path = Utility;
			sourceTree = "<group>";
		};
/* End PBXGroup section */

/* Begin PBXNativeTarget section */
		EEB25F5927CCF8D2004A7639 /* EmojiArt (iOS) */ = {
			isa = PBXNativeTarget;
			buildConfigurationList = EEB25F6B27CCF8D2004A7639 /* Build configuration list for PBXNativeTarget "EmojiArt (iOS)" */;
			buildPhases = (
				EEB25F5627CCF8D2004A7639 /* Sources */,
				EEB25F5727CCF8D2004A7639 /* Frameworks */,
				EEB25F5827CCF8D2004A7639 /* Resources */,
			);
			buildRules = (
			);
			dependencies = (
			);
			name = "EmojiArt (iOS)";
			productName = "EmojiArt (iOS)";
			productReference = EEB25F5A27CCF8D2004A7639 /* EmojiArt.app */;
			productType = "com.apple.product-type.application";
		};
		EEB25F5F27CCF8D2004A7639 /* EmojiArt (macOS) */ = {
			isa = PBXNativeTarget;
			buildConfigurationList = EEB25F6E27CCF8D2004A7639 /* Build configuration list for PBXNativeTarget "EmojiArt (macOS)" */;
			buildPhases = (
				EEB25F5C27CCF8D2004A7639 /* Sources */,
				EEB25F5D27CCF8D2004A7639 /* Frameworks */,
				EEB25F5E27CCF8D2004A7639 /* Resources */,
			);
			buildRules = (
			);
			dependencies = (
			);
			name = "EmojiArt (macOS)";
			productName = "EmojiArt (macOS)";
			productReference = EEB25F6027CCF8D2004A7639 /* EmojiArt.app */;
			productType = "com.apple.product-type.application";
		};
/* End PBXNativeTarget section */

/* Begin PBXProject section */
		EEB25F4E27CCF8CF004A7639 /* Project object */ = {
			isa = PBXProject;
			attributes = {
				BuildIndependentTargetsInParallel = 1;
				LastSwiftUpdateCheck = 1320;
				LastUpgradeCheck = 1320;
				TargetAttributes = {
					EEB25F5927CCF8D2004A7639 = {
						CreatedOnToolsVersion = 13.2.1;
					};
					EEB25F5F27CCF8D2004A7639 = {
						CreatedOnToolsVersion = 13.2.1;
					};
				};
			};
			buildConfigurationList = EEB25F5127CCF8CF004A7639 /* Build configuration list for PBXProject "EmojiArt" */;
			compatibilityVersion = "Xcode 13.0";
			developmentRegion = en;
			hasScannedForEncodings = 0;
			knownRegions = (
				en,
				Base,
			);
			mainGroup = EEB25F4D27CCF8CF004A7639;
			productRefGroup = EEB25F5B27CCF8D2004A7639 /* Products */;
			projectDirPath = "";
			projectRoot = "";
			targets = (
				EEB25F5927CCF8D2004A7639 /* EmojiArt (iOS) */,
				EEB25F5F27CCF8D2004A7639 /* EmojiArt (macOS) */,
			);
		};
/* End PBXProject section */

/* Begin PBXResourcesBuildPhase section */
		EEB25F5827CCF8D2004A7639 /* Resources */ = {
			isa = PBXResourcesBuildPhase;
			buildActionMask = 2147483647;
			files = (
				EEB25F6727CCF8D2004A7639 /* Assets.xcassets in Resources */,
			);
			runOnlyForDeploymentPostprocessing = 0;
		};
		EEB25F5E27CCF8D2004A7639 /* Resources */ = {
			isa = PBXResourcesBuildPhase;
			buildActionMask = 2147483647;
			files = (
				EEB25F6827CCF8D2004A7639 /* Assets.xcassets in Resources */,
			);
			runOnlyForDeploymentPostprocessing = 0;
		};
/* End PBXResourcesBuildPhase section */

/* Begin PBXSourcesBuildPhase section */
		EEB25F5627CCF8D2004A7639 /* Sources */ = {
			isa = PBXSourcesBuildPhase;
			buildActionMask = 2147483647;
			files = (
				EEB25F8027CE1534004A7639 /* UtilityViews.swift in Sources */,
				EE429E6B27E8213C001398D9 /* PaletteManager.swift in Sources */,
				EE704EBF27E18CAC0027BB2C /* PaletteStore.swift in Sources */,
				EE429E6827E47DD6001398D9 /* PaletteEditor.swift in Sources */,
				EEB25F6527CCF8D2004A7639 /* EmojiArtDocumentView.swift in Sources */,
				EEB25F6327CCF8D2004A7639 /* EmojiArtApp.swift in Sources */,
				EEB25F7D27CE1522004A7639 /* UtilityExtensions.swift in Sources */,
				EEB25F7827CDCCC6004A7639 /* EmojiArtDocument.swift in Sources */,
				EEB25F7227CCF972004A7639 /* EmojiArtModel.swift in Sources */,
				EEB25F7527CDC810004A7639 /* EmojiArtModel.Background.swift in Sources */,
				EE704EC227E323990027BB2C /* PaletteChooser.swift in Sources */,
			);
			runOnlyForDeploymentPostprocessing = 0;
		};
		EEB25F5C27CCF8D2004A7639 /* Sources */ = {
			isa = PBXSourcesBuildPhase;
			buildActionMask = 2147483647;
			files = (
				EEB25F8127CE1534004A7639 /* UtilityViews.swift in Sources */,
				EE429E6C27E8213C001398D9 /* PaletteManager.swift in Sources */,
				EE704EC027E18CAC0027BB2C /* PaletteStore.swift in Sources */,
				EE429E6927E47DD6001398D9 /* PaletteEditor.swift in Sources */,
				EEB25F6627CCF8D2004A7639 /* EmojiArtDocumentView.swift in Sources */,
				EEB25F6427CCF8D2004A7639 /* EmojiArtApp.swift in Sources */,
				EEB25F7E27CE1523004A7639 /* UtilityExtensions.swift in Sources */,
				EEB25F7927CDCCC6004A7639 /* EmojiArtDocument.swift in Sources */,
				EEB25F7327CCF972004A7639 /* EmojiArtModel.swift in Sources */,
				EEB25F7627CDC810004A7639 /* EmojiArtModel.Background.swift in Sources */,
				EE704EC327E323990027BB2C /* PaletteChooser.swift in Sources */,
			);
			runOnlyForDeploymentPostprocessing = 0;
		};
/* End PBXSourcesBuildPhase section */

/* Begin XCBuildConfiguration section */
		EEB25F6927CCF8D2004A7639 /* Debug */ = {
			isa = XCBuildConfiguration;
			buildSettings = {
				ALWAYS_SEARCH_USER_PATHS = NO;
				CLANG_ANALYZER_NONNULL = YES;
				CLANG_ANALYZER_NUMBER_OBJECT_CONVERSION = YES_AGGRESSIVE;
				CLANG_CXX_LANGUAGE_STANDARD = "gnu++17";
				CLANG_CXX_LIBRARY = "libc++";
				CLANG_ENABLE_MODULES = YES;
				CLANG_ENABLE_OBJC_ARC = YES;
				CLANG_ENABLE_OBJC_WEAK = YES;
				CLANG_WARN_BLOCK_CAPTURE_AUTORELEASING = YES;
				CLANG_WARN_BOOL_CONVERSION = YES;
				CLANG_WARN_COMMA = YES;
				CLANG_WARN_CONSTANT_CONVERSION = YES;
				CLANG_WARN_DEPRECATED_OBJC_IMPLEMENTATIONS = YES;
				CLANG_WARN_DIRECT_OBJC_ISA_USAGE = YES_ERROR;
				CLANG_WARN_DOCUMENTATION_COMMENTS = YES;
				CLANG_WARN_EMPTY_BODY = YES;
				CLANG_WARN_ENUM_CONVERSION = YES;
				CLANG_WARN_INFINITE_RECURSION = YES;
				CLANG_WARN_INT_CONVERSION = YES;
				CLANG_WARN_NON_LITERAL_NULL_CONVERSION = YES;
				CLANG_WARN_OBJC_IMPLICIT_RETAIN_SELF = YES;
				CLANG_WARN_OBJC_LITERAL_CONVERSION = YES;
				CLANG_WARN_OBJC_ROOT_CLASS = YES_ERROR;
				CLANG_WARN_QUOTED_INCLUDE_IN_FRAMEWORK_HEADER = YES;
				CLANG_WARN_RANGE_LOOP_ANALYSIS = YES;
				CLANG_WARN_STRICT_PROTOTYPES = YES;
				CLANG_WARN_SUSPICIOUS_MOVE = YES;
				CLANG_WARN_UNGUARDED_AVAILABILITY = YES_AGGRESSIVE;
				CLANG_WARN_UNREACHABLE_CODE = YES;
				CLANG_WARN__DUPLICATE_METHOD_MATCH = YES;
				COPY_PHASE_STRIP = NO;
				DEBUG_INFORMATION_FORMAT = dwarf;
				ENABLE_STRICT_OBJC_MSGSEND = YES;
				ENABLE_TESTABILITY = YES;
				GCC_C_LANGUAGE_STANDARD = gnu11;
				GCC_DYNAMIC_NO_PIC = NO;
				GCC_NO_COMMON_BLOCKS = YES;
				GCC_OPTIMIZATION_LEVEL = 0;
				GCC_PREPROCESSOR_DEFINITIONS = (
					"DEBUG=1",
					"$(inherited)",
				);
				GCC_WARN_64_TO_32_BIT_CONVERSION = YES;
				GCC_WARN_ABOUT_RETURN_TYPE = YES_ERROR;
				GCC_WARN_UNDECLARED_SELECTOR = YES;
				GCC_WARN_UNINITIALIZED_AUTOS = YES_AGGRESSIVE;
				GCC_WARN_UNUSED_FUNCTION = YES;
				GCC_WARN_UNUSED_VARIABLE = YES;
				MTL_ENABLE_DEBUG_INFO = INCLUDE_SOURCE;
				MTL_FAST_MATH = YES;
				ONLY_ACTIVE_ARCH = YES;
				SWIFT_ACTIVE_COMPILATION_CONDITIONS = DEBUG;
				SWIFT_OPTIMIZATION_LEVEL = "-Onone";
			};
			name = Debug;
		};
		EEB25F6A27CCF8D2004A7639 /* Release */ = {
			isa = XCBuildConfiguration;
			buildSettings = {
				ALWAYS_SEARCH_USER_PATHS = NO;
				CLANG_ANALYZER_NONNULL = YES;
				CLANG_ANALYZER_NUMBER_OBJECT_CONVERSION = YES_AGGRESSIVE;
				CLANG_CXX_LANGUAGE_STANDARD = "gnu++17";
				CLANG_CXX_LIBRARY = "libc++";
				CLANG_ENABLE_MODULES = YES;
				CLANG_ENABLE_OBJC_ARC = YES;
				CLANG_ENABLE_OBJC_WEAK = YES;
				CLANG_WARN_BLOCK_CAPTURE_AUTORELEASING = YES;
				CLANG_WARN_BOOL_CONVERSION = YES;
				CLANG_WARN_COMMA = YES;
				CLANG_WARN_CONSTANT_CONVERSION = YES;
				CLANG_WARN_DEPRECATED_OBJC_IMPLEMENTATIONS = YES;
				CLANG_WARN_DIRECT_OBJC_ISA_USAGE = YES_ERROR;
				CLANG_WARN_DOCUMENTATION_COMMENTS = YES;
				CLANG_WARN_EMPTY_BODY = YES;
				CLANG_WARN_ENUM_CONVERSION = YES;
				CLANG_WARN_INFINITE_RECURSION = YES;
				CLANG_WARN_INT_CONVERSION = YES;
				CLANG_WARN_NON_LITERAL_NULL_CONVERSION = YES;
				CLANG_WARN_OBJC_IMPLICIT_RETAIN_SELF = YES;
				CLANG_WARN_OBJC_LITERAL_CONVERSION = YES;
				CLANG_WARN_OBJC_ROOT_CLASS = YES_ERROR;
				CLANG_WARN_QUOTED_INCLUDE_IN_FRAMEWORK_HEADER = YES;
				CLANG_WARN_RANGE_LOOP_ANALYSIS = YES;
				CLANG_WARN_STRICT_PROTOTYPES = YES;
				CLANG_WARN_SUSPICIOUS_MOVE = YES;
				CLANG_WARN_UNGUARDED_AVAILABILITY = YES_AGGRESSIVE;
				CLANG_WARN_UNREACHABLE_CODE = YES;
				CLANG_WARN__DUPLICATE_METHOD_MATCH = YES;
				COPY_PHASE_STRIP = NO;
				DEBUG_INFORMATION_FORMAT = "dwarf-with-dsym";
				ENABLE_NS_ASSERTIONS = NO;
				ENABLE_STRICT_OBJC_MSGSEND = YES;
				GCC_C_LANGUAGE_STANDARD = gnu11;
				GCC_NO_COMMON_BLOCKS = YES;
				GCC_WARN_64_TO_32_BIT_CONVERSION = YES;
				GCC_WARN_ABOUT_RETURN_TYPE = YES_ERROR;
				GCC_WARN_UNDECLARED_SELECTOR = YES;
				GCC_WARN_UNINITIALIZED_AUTOS = YES_AGGRESSIVE;
				GCC_WARN_UNUSED_FUNCTION = YES;
				GCC_WARN_UNUSED_VARIABLE = YES;
				MTL_ENABLE_DEBUG_INFO = NO;
				MTL_FAST_MATH = YES;
				SWIFT_COMPILATION_MODE = wholemodule;
				SWIFT_OPTIMIZATION_LEVEL = "-O";
			};
			name = Release;
		};
		EEB25F6C27CCF8D2004A7639 /* Debug */ = {
			isa = XCBuildConfiguration;
			buildSettings = {
				ASSETCATALOG_COMPILER_APPICON_NAME = AppIcon;
				ASSETCATALOG_COMPILER_GLOBAL_ACCENT_COLOR_NAME = AccentColor;
				CODE_SIGN_STYLE = Automatic;
				CURRENT_PROJECT_VERSION = 1;
				DEVELOPMENT_TEAM = A8UB7LJGV7;
				ENABLE_PREVIEWS = YES;
				GENERATE_INFOPLIST_FILE = YES;
				INFOPLIST_KEY_UIApplicationSceneManifest_Generation = YES;
				INFOPLIST_KEY_UIApplicationSupportsIndirectInputEvents = YES;
				INFOPLIST_KEY_UILaunchScreen_Generation = YES;
				INFOPLIST_KEY_UISupportedInterfaceOrientations_iPad = "UIInterfaceOrientationPortrait UIInterfaceOrientationPortraitUpsideDown UIInterfaceOrientationLandscapeLeft UIInterfaceOrientationLandscapeRight";
				INFOPLIST_KEY_UISupportedInterfaceOrientations_iPhone = "UIInterfaceOrientationPortrait UIInterfaceOrientationLandscapeLeft UIInterfaceOrientationLandscapeRight";
				IPHONEOS_DEPLOYMENT_TARGET = 15.2;
				LD_RUNPATH_SEARCH_PATHS = (
					"$(inherited)",
					"@executable_path/Frameworks",
				);
				MARKETING_VERSION = 1.0;
				PRODUCT_BUNDLE_IDENTIFIER = com.liaohongxing.EmojiArt;
				PRODUCT_NAME = EmojiArt;
				SDKROOT = iphoneos;
				SWIFT_EMIT_LOC_STRINGS = YES;
				SWIFT_VERSION = 5.0;
				TARGETED_DEVICE_FAMILY = "1,2";
			};
			name = Debug;
		};
		EEB25F6D27CCF8D2004A7639 /* Release */ = {
			isa = XCBuildConfiguration;
			buildSettings = {
				ASSETCATALOG_COMPILER_APPICON_NAME = AppIcon;
				ASSETCATALOG_COMPILER_GLOBAL_ACCENT_COLOR_NAME = AccentColor;
				CODE_SIGN_STYLE = Automatic;
				CURRENT_PROJECT_VERSION = 1;
				DEVELOPMENT_TEAM = A8UB7LJGV7;
				ENABLE_PREVIEWS = YES;
				GENERATE_INFOPLIST_FILE = YES;
				INFOPLIST_KEY_UIApplicationSceneManifest_Generation = YES;
				INFOPLIST_KEY_UIApplicationSupportsIndirectInputEvents = YES;
				INFOPLIST_KEY_UILaunchScreen_Generation = YES;
				INFOPLIST_KEY_UISupportedInterfaceOrientations_iPad = "UIInterfaceOrientationPortrait UIInterfaceOrientationPortraitUpsideDown UIInterfaceOrientationLandscapeLeft UIInterfaceOrientationLandscapeRight";
				INFOPLIST_KEY_UISupportedInterfaceOrientations_iPhone = "UIInterfaceOrientationPortrait UIInterfaceOrientationLandscapeLeft UIInterfaceOrientationLandscapeRight";
				IPHONEOS_DEPLOYMENT_TARGET = 15.2;
				LD_RUNPATH_SEARCH_PATHS = (
					"$(inherited)",
					"@executable_path/Frameworks",
				);
				MARKETING_VERSION = 1.0;
				PRODUCT_BUNDLE_IDENTIFIER = com.liaohongxing.EmojiArt;
				PRODUCT_NAME = EmojiArt;
				SDKROOT = iphoneos;
				SWIFT_EMIT_LOC_STRINGS = YES;
				SWIFT_VERSION = 5.0;
				TARGETED_DEVICE_FAMILY = "1,2";
				VALIDATE_PRODUCT = YES;
			};
			name = Release;
		};
		EEB25F6F27CCF8D2004A7639 /* Debug */ = {
			isa = XCBuildConfiguration;
			buildSettings = {
				ASSETCATALOG_COMPILER_APPICON_NAME = AppIcon;
				ASSETCATALOG_COMPILER_GLOBAL_ACCENT_COLOR_NAME = AccentColor;
				CODE_SIGN_ENTITLEMENTS = macOS/macOS.entitlements;
				CODE_SIGN_STYLE = Automatic;
				COMBINE_HIDPI_IMAGES = YES;
				CURRENT_PROJECT_VERSION = 1;
				DEVELOPMENT_TEAM = A8UB7LJGV7;
				ENABLE_HARDENED_RUNTIME = YES;
				ENABLE_PREVIEWS = YES;
				GENERATE_INFOPLIST_FILE = YES;
				INFOPLIST_KEY_NSHumanReadableCopyright = "";
				LD_RUNPATH_SEARCH_PATHS = (
					"$(inherited)",
					"@executable_path/../Frameworks",
				);
				MACOSX_DEPLOYMENT_TARGET = 12.1;
				MARKETING_VERSION = 1.0;
				PRODUCT_BUNDLE_IDENTIFIER = com.liaohongxing.EmojiArt;
				PRODUCT_NAME = EmojiArt;
				SDKROOT = macosx;
				SWIFT_EMIT_LOC_STRINGS = YES;
				SWIFT_VERSION = 5.0;
			};
			name = Debug;
		};
		EEB25F7027CCF8D2004A7639 /* Release */ = {
			isa = XCBuildConfiguration;
			buildSettings = {
				ASSETCATALOG_COMPILER_APPICON_NAME = AppIcon;
				ASSETCATALOG_COMPILER_GLOBAL_ACCENT_COLOR_NAME = AccentColor;
				CODE_SIGN_ENTITLEMENTS = macOS/macOS.entitlements;
				CODE_SIGN_STYLE = Automatic;
				COMBINE_HIDPI_IMAGES = YES;
				CURRENT_PROJECT_VERSION = 1;
				DEVELOPMENT_TEAM = A8UB7LJGV7;
				ENABLE_HARDENED_RUNTIME = YES;
				ENABLE_PREVIEWS = YES;
				GENERATE_INFOPLIST_FILE = YES;
				INFOPLIST_KEY_NSHumanReadableCopyright = "";
				LD_RUNPATH_SEARCH_PATHS = (
					"$(inherited)",
					"@executable_path/../Frameworks",
				);
				MACOSX_DEPLOYMENT_TARGET = 12.1;
				MARKETING_VERSION = 1.0;
				PRODUCT_BUNDLE_IDENTIFIER = com.liaohongxing.EmojiArt;
				PRODUCT_NAME = EmojiArt;
				SDKROOT = macosx;
				SWIFT_EMIT_LOC_STRINGS = YES;
				SWIFT_VERSION = 5.0;
			};
			name = Release;
		};
/* End XCBuildConfiguration section */

/* Begin XCConfigurationList section */
		EEB25F5127CCF8CF004A7639 /* Build configuration list for PBXProject "EmojiArt" */ = {
			isa = XCConfigurationList;
			buildConfigurations = (
				EEB25F6927CCF8D2004A7639 /* Debug */,
				EEB25F6A27CCF8D2004A7639 /* Release */,
			);
			defaultConfigurationIsVisible = 0;
			defaultConfigurationName = Release;
		};
		EEB25F6B27CCF8D2004A7639 /* Build configuration list for PBXNativeTarget "EmojiArt (iOS)" */ = {
			isa = XCConfigurationList;
			buildConfigurations = (
				EEB25F6C27CCF8D2004A7639 /* Debug */,
				EEB25F6D27CCF8D2004A7639 /* Release */,
			);
			defaultConfigurationIsVisible = 0;
			defaultConfigurationName = Release;
		};
		EEB25F6E27CCF8D2004A7639 /* Build configuration list for PBXNativeTarget "EmojiArt (macOS)" */ = {
			isa = XCConfigurationList;
			buildConfigurations = (
				EEB25F6F27CCF8D2004A7639 /* Debug */,
				EEB25F7027CCF8D2004A7639 /* Release */,
			);
			defaultConfigurationIsVisible = 0;
			defaultConfigurationName = Release;
		};
/* End XCConfigurationList section */
	};
	rootObject = EEB25F4E27CCF8CF004A7639 /* Project object */;
}
